
Microsoft Visual Studio Solution File, Format Version 12.00
# Visual Studio Version 17
VisualStudioVersion = 17.2.32519.379
MinimumVisualStudioVersion = 10.0.40219.1
Project("{FAE04EC0-301F-11D3-BF4B-00C04F79EFBC}") = "RTChart", "RTChart.csproj", "{5F85C7EA-2023-4FB2-ACF1-CA7927190BAF}"
EndProject
Global
	GlobalSection(SolutionConfigurationPlatforms) = preSolution
		Debug|Any CPU = Debug|Any CPU
		Release|Any CPU = Release|Any CPU
	EndGlobalSection
	GlobalSection(ProjectConfigurationPlatforms) = postSolution
		{5F85C7EA-2023-4FB2-ACF1-CA7927190BAF}.Debug|Any CPU.ActiveCfg = Debug|Any CPU
		{5F85C7EA-2023-4FB2-ACF1-CA7927190BAF}.Debug|Any CPU.Build.0 = Debug|Any CPU
		{5F85C7EA-2023-4FB2-ACF1-CA7927190BAF}.Release|Any CPU.ActiveCfg = Release|Any CPU
		{5F85C7EA-2023-4FB2-ACF1-CA7927190BAF}.Release|Any CPU.Build.0 = Release|Any CPU
	EndGlobalSection
	GlobalSection(SolutionProperties) = preSolution
		HideSolutionNode = FALSE
	EndGlobalSection
	GlobalSection(ExtensibilityGlobals) = postSolution
		SolutionGuid = {DF4E9A8D-A5BA-4080-9FFA-3EF2E460D168}
	EndGlobalSection
EndGlobal
