
Microsoft Visual Studio Solution File, Format Version 12.00
# Visual Studio Version 17
VisualStudioVersion = 17.2.32616.157
MinimumVisualStudioVersion = 10.0.40219.1
Project("{FAE04EC0-301F-11D3-BF4B-00C04F79EFBC}") = "NBST", "NBST.csproj", "{BEDAF024-B0F9-4EA8-B527-B27372A03E1E}"
EndProject
Global
	GlobalSection(SolutionConfigurationPlatforms) = preSolution
		Debug|Any CPU = Debug|Any CPU
		Release|Any CPU = Release|Any CPU
	EndGlobalSection
	GlobalSection(ProjectConfigurationPlatforms) = postSolution
		{BEDAF024-B0F9-4EA8-B527-B27372A03E1E}.Debug|Any CPU.ActiveCfg = Debug|Any CPU
		{BEDAF024-B0F9-4EA8-B527-B27372A03E1E}.Debug|Any CPU.Build.0 = Debug|Any CPU
		{BEDAF024-B0F9-4EA8-B527-B27372A03E1E}.Release|Any CPU.ActiveCfg = Release|Any CPU
		{BEDAF024-B0F9-4EA8-B527-B27372A03E1E}.Release|Any CPU.Build.0 = Release|Any CPU
	EndGlobalSection
	GlobalSection(SolutionProperties) = preSolution
		HideSolutionNode = FALSE
	EndGlobalSection
	GlobalSection(ExtensibilityGlobals) = postSolution
		SolutionGuid = {CBA492EC-4699-4BDB-84B8-CA88CC0C2EC6}
	EndGlobalSection
EndGlobal
